
Microsoft Visual Studio Solution File, Format Version 12.00
# Visual Studio Version 16
VisualStudioVersion = 16.0.31129.286
MinimumVisualStudioVersion = 10.0.40219.1
Project("{FAE04EC0-301F-11D3-BF4B-00C04F79EFBC}") = "20210410_画像縮小Bilinear", "20210410_画像縮小Bilinear\20210410_画像縮小Bilinear.csproj", "{B89C3E4B-E9D6-460C-A2FB-DB3CEA9023E9}"
EndProject
Global
	GlobalSection(SolutionConfigurationPlatforms) = preSolution
		Debug|Any CPU = Debug|Any CPU
		Release|Any CPU = Release|Any CPU
	EndGlobalSection
	GlobalSection(ProjectConfigurationPlatforms) = postSolution
		{B89C3E4B-E9D6-460C-A2FB-DB3CEA9023E9}.Debug|Any CPU.ActiveCfg = Debug|Any CPU
		{B89C3E4B-E9D6-460C-A2FB-DB3CEA9023E9}.Debug|Any CPU.Build.0 = Debug|Any CPU
		{B89C3E4B-E9D6-460C-A2FB-DB3CEA9023E9}.Release|Any CPU.ActiveCfg = Release|Any CPU
		{B89C3E4B-E9D6-460C-A2FB-DB3CEA9023E9}.Release|Any CPU.Build.0 = Release|Any CPU
	EndGlobalSection
	GlobalSection(SolutionProperties) = preSolution
		HideSolutionNode = FALSE
	EndGlobalSection
	GlobalSection(ExtensibilityGlobals) = postSolution
		SolutionGuid = {69045961-B674-4375-94F4-52283B3D0DB9}
	EndGlobalSection
EndGlobal
