
Microsoft Visual Studio Solution File, Format Version 12.00
# Visual Studio Version 16
VisualStudioVersion = 16.0.31911.196
MinimumVisualStudioVersion = 10.0.40219.1
Project("{FAE04EC0-301F-11D3-BF4B-00C04F79EFBC}") = "20211213_FormattedTextと文字の装飾", "20211213_FormattedTextと文字の装飾\20211213_FormattedTextと文字の装飾.csproj", "{D8D83337-8ED7-46D8-89F1-3CAFB5A946FF}"
EndProject
Global
	GlobalSection(SolutionConfigurationPlatforms) = preSolution
		Debug|Any CPU = Debug|Any CPU
		Release|Any CPU = Release|Any CPU
	EndGlobalSection
	GlobalSection(ProjectConfigurationPlatforms) = postSolution
		{D8D83337-8ED7-46D8-89F1-3CAFB5A946FF}.Debug|Any CPU.ActiveCfg = Debug|Any CPU
		{D8D83337-8ED7-46D8-89F1-3CAFB5A946FF}.Debug|Any CPU.Build.0 = Debug|Any CPU
		{D8D83337-8ED7-46D8-89F1-3CAFB5A946FF}.Release|Any CPU.ActiveCfg = Release|Any CPU
		{D8D83337-8ED7-46D8-89F1-3CAFB5A946FF}.Release|Any CPU.Build.0 = Release|Any CPU
	EndGlobalSection
	GlobalSection(SolutionProperties) = preSolution
		HideSolutionNode = FALSE
	EndGlobalSection
	GlobalSection(ExtensibilityGlobals) = postSolution
		SolutionGuid = {C811E118-9578-47DE-9CF6-830CA3247F57}
	EndGlobalSection
EndGlobal
