
Microsoft Visual Studio Solution File, Format Version 12.00
# Visual Studio Version 16
VisualStudioVersion = 16.0.31702.278
MinimumVisualStudioVersion = 10.0.40219.1
Project("{FAE04EC0-301F-11D3-BF4B-00C04F79EFBC}") = "20210929_SsimTest", "20210929_SsimTest\20210929_SsimTest.csproj", "{77B13061-C13C-4ED2-9A7A-45FF6CDE686D}"
EndProject
Global
	GlobalSection(SolutionConfigurationPlatforms) = preSolution
		Debug|Any CPU = Debug|Any CPU
		Release|Any CPU = Release|Any CPU
	EndGlobalSection
	GlobalSection(ProjectConfigurationPlatforms) = postSolution
		{77B13061-C13C-4ED2-9A7A-45FF6CDE686D}.Debug|Any CPU.ActiveCfg = Debug|Any CPU
		{77B13061-C13C-4ED2-9A7A-45FF6CDE686D}.Debug|Any CPU.Build.0 = Debug|Any CPU
		{77B13061-C13C-4ED2-9A7A-45FF6CDE686D}.Release|Any CPU.ActiveCfg = Release|Any CPU
		{77B13061-C13C-4ED2-9A7A-45FF6CDE686D}.Release|Any CPU.Build.0 = Release|Any CPU
	EndGlobalSection
	GlobalSection(SolutionProperties) = preSolution
		HideSolutionNode = FALSE
	EndGlobalSection
	GlobalSection(ExtensibilityGlobals) = postSolution
		SolutionGuid = {3C675F4F-D296-4062-BBF8-D99571280025}
	EndGlobalSection
EndGlobal
