
Microsoft Visual Studio Solution File, Format Version 12.00
# Visual Studio Version 16
VisualStudioVersion = 16.0.31019.35
MinimumVisualStudioVersion = 10.0.40219.1
Project("{FAE04EC0-301F-11D3-BF4B-00C04F79EFBC}") = "20210226_FlatThumb移動画像", "20210226_FlatThumb移動画像\20210226_FlatThumb移動画像.csproj", "{03751778-A990-4D67-BDB6-80BF6A586034}"
EndProject
Global
	GlobalSection(SolutionConfigurationPlatforms) = preSolution
		Debug|Any CPU = Debug|Any CPU
		Release|Any CPU = Release|Any CPU
	EndGlobalSection
	GlobalSection(ProjectConfigurationPlatforms) = postSolution
		{03751778-A990-4D67-BDB6-80BF6A586034}.Debug|Any CPU.ActiveCfg = Debug|Any CPU
		{03751778-A990-4D67-BDB6-80BF6A586034}.Debug|Any CPU.Build.0 = Debug|Any CPU
		{03751778-A990-4D67-BDB6-80BF6A586034}.Release|Any CPU.ActiveCfg = Release|Any CPU
		{03751778-A990-4D67-BDB6-80BF6A586034}.Release|Any CPU.Build.0 = Release|Any CPU
	EndGlobalSection
	GlobalSection(SolutionProperties) = preSolution
		HideSolutionNode = FALSE
	EndGlobalSection
	GlobalSection(ExtensibilityGlobals) = postSolution
		SolutionGuid = {CCBC7740-6C8B-419A-AB6C-8110E6CB401E}
	EndGlobalSection
EndGlobal
