
Microsoft Visual Studio Solution File, Format Version 12.00
# Visual Studio Version 16
VisualStudioVersion = 16.0.32002.261
MinimumVisualStudioVersion = 10.0.40219.1
Project("{FAE04EC0-301F-11D3-BF4B-00C04F79EFBC}") = "20211231_Thumb", "20211231_Thumb\20211231_Thumb.csproj", "{749DAA7D-BF69-488D-8BD7-87A47C0F1BB2}"
EndProject
Global
	GlobalSection(SolutionConfigurationPlatforms) = preSolution
		Debug|Any CPU = Debug|Any CPU
		Release|Any CPU = Release|Any CPU
	EndGlobalSection
	GlobalSection(ProjectConfigurationPlatforms) = postSolution
		{749DAA7D-BF69-488D-8BD7-87A47C0F1BB2}.Debug|Any CPU.ActiveCfg = Debug|Any CPU
		{749DAA7D-BF69-488D-8BD7-87A47C0F1BB2}.Debug|Any CPU.Build.0 = Debug|Any CPU
		{749DAA7D-BF69-488D-8BD7-87A47C0F1BB2}.Release|Any CPU.ActiveCfg = Release|Any CPU
		{749DAA7D-BF69-488D-8BD7-87A47C0F1BB2}.Release|Any CPU.Build.0 = Release|Any CPU
	EndGlobalSection
	GlobalSection(SolutionProperties) = preSolution
		HideSolutionNode = FALSE
	EndGlobalSection
	GlobalSection(ExtensibilityGlobals) = postSolution
		SolutionGuid = {8C364DD1-6615-4696-8B14-AA6B62B751CB}
	EndGlobalSection
EndGlobal
