
Microsoft Visual Studio Solution File, Format Version 12.00
# Visual Studio Version 16
VisualStudioVersion = 16.0.31205.134
MinimumVisualStudioVersion = 10.0.40219.1
Project("{FAE04EC0-301F-11D3-BF4B-00C04F79EFBC}") = "20210428_Lanczosで32bit画像リサイズ", "20210428_Lanczosで32bit画像リサイズ\20210428_Lanczosで32bit画像リサイズ.csproj", "{43ED316D-EDF1-43A6-BD04-4427CA1AA6C6}"
EndProject
Global
	GlobalSection(SolutionConfigurationPlatforms) = preSolution
		Debug|Any CPU = Debug|Any CPU
		Release|Any CPU = Release|Any CPU
	EndGlobalSection
	GlobalSection(ProjectConfigurationPlatforms) = postSolution
		{43ED316D-EDF1-43A6-BD04-4427CA1AA6C6}.Debug|Any CPU.ActiveCfg = Debug|Any CPU
		{43ED316D-EDF1-43A6-BD04-4427CA1AA6C6}.Debug|Any CPU.Build.0 = Debug|Any CPU
		{43ED316D-EDF1-43A6-BD04-4427CA1AA6C6}.Release|Any CPU.ActiveCfg = Release|Any CPU
		{43ED316D-EDF1-43A6-BD04-4427CA1AA6C6}.Release|Any CPU.Build.0 = Release|Any CPU
	EndGlobalSection
	GlobalSection(SolutionProperties) = preSolution
		HideSolutionNode = FALSE
	EndGlobalSection
	GlobalSection(ExtensibilityGlobals) = postSolution
		SolutionGuid = {30ABBD73-48F7-4E95-B6BB-A9DB2694D6E5}
	EndGlobalSection
EndGlobal
