
Microsoft Visual Studio Solution File, Format Version 12.00
# Visual Studio Version 16
VisualStudioVersion = 16.0.31911.196
MinimumVisualStudioVersion = 10.0.40219.1
Project("{FAE04EC0-301F-11D3-BF4B-00C04F79EFBC}") = "20211208_フォント一覧表示", "20211208_フォント一覧表示\20211208_フォント一覧表示.csproj", "{1FF147C1-15AB-4CB5-A3E4-E33E6E5D66F7}"
EndProject
Global
	GlobalSection(SolutionConfigurationPlatforms) = preSolution
		Debug|Any CPU = Debug|Any CPU
		Release|Any CPU = Release|Any CPU
	EndGlobalSection
	GlobalSection(ProjectConfigurationPlatforms) = postSolution
		{1FF147C1-15AB-4CB5-A3E4-E33E6E5D66F7}.Debug|Any CPU.ActiveCfg = Debug|Any CPU
		{1FF147C1-15AB-4CB5-A3E4-E33E6E5D66F7}.Debug|Any CPU.Build.0 = Debug|Any CPU
		{1FF147C1-15AB-4CB5-A3E4-E33E6E5D66F7}.Release|Any CPU.ActiveCfg = Release|Any CPU
		{1FF147C1-15AB-4CB5-A3E4-E33E6E5D66F7}.Release|Any CPU.Build.0 = Release|Any CPU
	EndGlobalSection
	GlobalSection(SolutionProperties) = preSolution
		HideSolutionNode = FALSE
	EndGlobalSection
	GlobalSection(ExtensibilityGlobals) = postSolution
		SolutionGuid = {99C84CB5-7BBF-4948-ABDA-FF28E0855616}
	EndGlobalSection
EndGlobal
