
Microsoft Visual Studio Solution File, Format Version 12.00
# Visual Studio Version 16
VisualStudioVersion = 16.0.30907.101
MinimumVisualStudioVersion = 10.0.40219.1
Project("{FAE04EC0-301F-11D3-BF4B-00C04F79EFBC}") = "20210205_エクセルのメニュー", "20210205_エクセルのメニュー\20210205_エクセルのメニュー.csproj", "{595C81B9-7F9A-48A9-9D53-06AB06E1295E}"
EndProject
Global
	GlobalSection(SolutionConfigurationPlatforms) = preSolution
		Debug|Any CPU = Debug|Any CPU
		Release|Any CPU = Release|Any CPU
	EndGlobalSection
	GlobalSection(ProjectConfigurationPlatforms) = postSolution
		{595C81B9-7F9A-48A9-9D53-06AB06E1295E}.Debug|Any CPU.ActiveCfg = Debug|Any CPU
		{595C81B9-7F9A-48A9-9D53-06AB06E1295E}.Debug|Any CPU.Build.0 = Debug|Any CPU
		{595C81B9-7F9A-48A9-9D53-06AB06E1295E}.Release|Any CPU.ActiveCfg = Release|Any CPU
		{595C81B9-7F9A-48A9-9D53-06AB06E1295E}.Release|Any CPU.Build.0 = Release|Any CPU
	EndGlobalSection
	GlobalSection(SolutionProperties) = preSolution
		HideSolutionNode = FALSE
	EndGlobalSection
	GlobalSection(ExtensibilityGlobals) = postSolution
		SolutionGuid = {FD40D671-BB14-4A1E-921C-58EBCBC14D68}
	EndGlobalSection
EndGlobal
