
Microsoft Visual Studio Solution File, Format Version 12.00
# Visual Studio Version 16
VisualStudioVersion = 16.0.31005.135
MinimumVisualStudioVersion = 10.0.40219.1
Project("{FAE04EC0-301F-11D3-BF4B-00C04F79EFBC}") = "20210210_Clipboardへ画像コピー", "20210210_Clipboardへ画像コピー\20210210_Clipboardへ画像コピー.csproj", "{E35AE099-4A16-4732-93D4-E584D68C1C99}"
EndProject
Global
	GlobalSection(SolutionConfigurationPlatforms) = preSolution
		Debug|Any CPU = Debug|Any CPU
		Release|Any CPU = Release|Any CPU
	EndGlobalSection
	GlobalSection(ProjectConfigurationPlatforms) = postSolution
		{E35AE099-4A16-4732-93D4-E584D68C1C99}.Debug|Any CPU.ActiveCfg = Debug|Any CPU
		{E35AE099-4A16-4732-93D4-E584D68C1C99}.Debug|Any CPU.Build.0 = Debug|Any CPU
		{E35AE099-4A16-4732-93D4-E584D68C1C99}.Release|Any CPU.ActiveCfg = Release|Any CPU
		{E35AE099-4A16-4732-93D4-E584D68C1C99}.Release|Any CPU.Build.0 = Release|Any CPU
	EndGlobalSection
	GlobalSection(SolutionProperties) = preSolution
		HideSolutionNode = FALSE
	EndGlobalSection
	GlobalSection(ExtensibilityGlobals) = postSolution
		SolutionGuid = {AFB4A905-A3FC-4FB7-A5D0-6B4C91324B25}
	EndGlobalSection
EndGlobal
