
Microsoft Visual Studio Solution File, Format Version 12.00
# Visual Studio Version 16
VisualStudioVersion = 16.0.31205.134
MinimumVisualStudioVersion = 10.0.40219.1
Project("{FAE04EC0-301F-11D3-BF4B-00C04F79EFBC}") = "20210507_Bilinear縮小処理書き直し", "20210507_Bilinear縮小処理書き直し\20210507_Bilinear縮小処理書き直し.csproj", "{D510A4ED-054C-400D-B26A-F8693D564C5A}"
EndProject
Global
	GlobalSection(SolutionConfigurationPlatforms) = preSolution
		Debug|Any CPU = Debug|Any CPU
		Release|Any CPU = Release|Any CPU
	EndGlobalSection
	GlobalSection(ProjectConfigurationPlatforms) = postSolution
		{D510A4ED-054C-400D-B26A-F8693D564C5A}.Debug|Any CPU.ActiveCfg = Debug|Any CPU
		{D510A4ED-054C-400D-B26A-F8693D564C5A}.Debug|Any CPU.Build.0 = Debug|Any CPU
		{D510A4ED-054C-400D-B26A-F8693D564C5A}.Release|Any CPU.ActiveCfg = Release|Any CPU
		{D510A4ED-054C-400D-B26A-F8693D564C5A}.Release|Any CPU.Build.0 = Release|Any CPU
	EndGlobalSection
	GlobalSection(SolutionProperties) = preSolution
		HideSolutionNode = FALSE
	EndGlobalSection
	GlobalSection(ExtensibilityGlobals) = postSolution
		SolutionGuid = {BDFA92F3-7645-4D53-B4AC-97F00C80B720}
	EndGlobalSection
EndGlobal
