
Microsoft Visual Studio Solution File, Format Version 12.00
# Visual Studio Version 16
VisualStudioVersion = 16.0.31205.134
MinimumVisualStudioVersion = 10.0.40219.1
Project("{FAE04EC0-301F-11D3-BF4B-00C04F79EFBC}") = "20210429_Lanczosっぽいなにかできれいな縮小", "20210429_Lanczosっぽいなにかできれいな縮小\20210429_Lanczosっぽいなにかできれいな縮小.csproj", "{DFDDEB24-3727-401B-A22A-E3C1CB96C690}"
EndProject
Global
	GlobalSection(SolutionConfigurationPlatforms) = preSolution
		Debug|Any CPU = Debug|Any CPU
		Release|Any CPU = Release|Any CPU
	EndGlobalSection
	GlobalSection(ProjectConfigurationPlatforms) = postSolution
		{DFDDEB24-3727-401B-A22A-E3C1CB96C690}.Debug|Any CPU.ActiveCfg = Debug|Any CPU
		{DFDDEB24-3727-401B-A22A-E3C1CB96C690}.Debug|Any CPU.Build.0 = Debug|Any CPU
		{DFDDEB24-3727-401B-A22A-E3C1CB96C690}.Release|Any CPU.ActiveCfg = Release|Any CPU
		{DFDDEB24-3727-401B-A22A-E3C1CB96C690}.Release|Any CPU.Build.0 = Release|Any CPU
	EndGlobalSection
	GlobalSection(SolutionProperties) = preSolution
		HideSolutionNode = FALSE
	EndGlobalSection
	GlobalSection(ExtensibilityGlobals) = postSolution
		SolutionGuid = {0ED86266-05E1-4037-828A-92F097A2924A}
	EndGlobalSection
EndGlobal
