
Microsoft Visual Studio Solution File, Format Version 12.00
# Visual Studio Version 16
VisualStudioVersion = 16.0.31911.196
MinimumVisualStudioVersion = 10.0.40219.1
Project("{FAE04EC0-301F-11D3-BF4B-00C04F79EFBC}") = "20211214_TextDecorationLocation文字に下線とか", "20211214_TextDecorationLocation文字に下線とか\20211214_TextDecorationLocation文字に下線とか.csproj", "{886350D3-4932-47DB-8827-DDD48A9AA00D}"
EndProject
Global
	GlobalSection(SolutionConfigurationPlatforms) = preSolution
		Debug|Any CPU = Debug|Any CPU
		Release|Any CPU = Release|Any CPU
	EndGlobalSection
	GlobalSection(ProjectConfigurationPlatforms) = postSolution
		{886350D3-4932-47DB-8827-DDD48A9AA00D}.Debug|Any CPU.ActiveCfg = Debug|Any CPU
		{886350D3-4932-47DB-8827-DDD48A9AA00D}.Debug|Any CPU.Build.0 = Debug|Any CPU
		{886350D3-4932-47DB-8827-DDD48A9AA00D}.Release|Any CPU.ActiveCfg = Release|Any CPU
		{886350D3-4932-47DB-8827-DDD48A9AA00D}.Release|Any CPU.Build.0 = Release|Any CPU
	EndGlobalSection
	GlobalSection(SolutionProperties) = preSolution
		HideSolutionNode = FALSE
	EndGlobalSection
	GlobalSection(ExtensibilityGlobals) = postSolution
		SolutionGuid = {4CDA3548-9DAF-47C2-83D6-55B8A0337A3D}
	EndGlobalSection
EndGlobal
