
Microsoft Visual Studio Solution File, Format Version 12.00
# Visual Studio Version 16
VisualStudioVersion = 16.0.31229.75
MinimumVisualStudioVersion = 10.0.40219.1
Project("{FAE04EC0-301F-11D3-BF4B-00C04F79EFBC}") = "20210607_画像縮小", "20210607_画像縮小\20210607_画像縮小.csproj", "{1F64EC21-3CA7-4120-B0ED-22945FAF1FDD}"
EndProject
Global
	GlobalSection(SolutionConfigurationPlatforms) = preSolution
		Debug|Any CPU = Debug|Any CPU
		Release|Any CPU = Release|Any CPU
	EndGlobalSection
	GlobalSection(ProjectConfigurationPlatforms) = postSolution
		{1F64EC21-3CA7-4120-B0ED-22945FAF1FDD}.Debug|Any CPU.ActiveCfg = Debug|Any CPU
		{1F64EC21-3CA7-4120-B0ED-22945FAF1FDD}.Debug|Any CPU.Build.0 = Debug|Any CPU
		{1F64EC21-3CA7-4120-B0ED-22945FAF1FDD}.Release|Any CPU.ActiveCfg = Release|Any CPU
		{1F64EC21-3CA7-4120-B0ED-22945FAF1FDD}.Release|Any CPU.Build.0 = Release|Any CPU
	EndGlobalSection
	GlobalSection(SolutionProperties) = preSolution
		HideSolutionNode = FALSE
	EndGlobalSection
	GlobalSection(ExtensibilityGlobals) = postSolution
		SolutionGuid = {A2BDDE04-6439-4BAB-89C0-DF00A2BAE202}
	EndGlobalSection
EndGlobal
