
Microsoft Visual Studio Solution File, Format Version 12.00
# Visual Studio Version 16
VisualStudioVersion = 16.0.31205.134
MinimumVisualStudioVersion = 10.0.40219.1
Project("{FAE04EC0-301F-11D3-BF4B-00C04F79EFBC}") = "20210425_バイキュービックカラー版", "20210425_バイキュービックカラー版\20210425_バイキュービックカラー版.csproj", "{95BAC1A5-B6E6-49CF-AA59-693F1220D1F8}"
EndProject
Global
	GlobalSection(SolutionConfigurationPlatforms) = preSolution
		Debug|Any CPU = Debug|Any CPU
		Release|Any CPU = Release|Any CPU
	EndGlobalSection
	GlobalSection(ProjectConfigurationPlatforms) = postSolution
		{95BAC1A5-B6E6-49CF-AA59-693F1220D1F8}.Debug|Any CPU.ActiveCfg = Debug|Any CPU
		{95BAC1A5-B6E6-49CF-AA59-693F1220D1F8}.Debug|Any CPU.Build.0 = Debug|Any CPU
		{95BAC1A5-B6E6-49CF-AA59-693F1220D1F8}.Release|Any CPU.ActiveCfg = Release|Any CPU
		{95BAC1A5-B6E6-49CF-AA59-693F1220D1F8}.Release|Any CPU.Build.0 = Release|Any CPU
	EndGlobalSection
	GlobalSection(SolutionProperties) = preSolution
		HideSolutionNode = FALSE
	EndGlobalSection
	GlobalSection(ExtensibilityGlobals) = postSolution
		SolutionGuid = {A641B3D7-1D1A-4C8E-9EAB-D43695E7821F}
	EndGlobalSection
EndGlobal
