
Microsoft Visual Studio Solution File, Format Version 12.00
# Visual Studio Version 16
VisualStudioVersion = 16.0.31112.23
MinimumVisualStudioVersion = 10.0.40219.1
Project("{FAE04EC0-301F-11D3-BF4B-00C04F79EFBC}") = "20210330_panel系へのBinding2", "20210330_panel系へのBinding2\20210330_panel系へのBinding2.csproj", "{23E5ECCF-63E6-4151-A8A8-45A4BAFEED69}"
EndProject
Global
	GlobalSection(SolutionConfigurationPlatforms) = preSolution
		Debug|Any CPU = Debug|Any CPU
		Release|Any CPU = Release|Any CPU
	EndGlobalSection
	GlobalSection(ProjectConfigurationPlatforms) = postSolution
		{23E5ECCF-63E6-4151-A8A8-45A4BAFEED69}.Debug|Any CPU.ActiveCfg = Debug|Any CPU
		{23E5ECCF-63E6-4151-A8A8-45A4BAFEED69}.Debug|Any CPU.Build.0 = Debug|Any CPU
		{23E5ECCF-63E6-4151-A8A8-45A4BAFEED69}.Release|Any CPU.ActiveCfg = Release|Any CPU
		{23E5ECCF-63E6-4151-A8A8-45A4BAFEED69}.Release|Any CPU.Build.0 = Release|Any CPU
	EndGlobalSection
	GlobalSection(SolutionProperties) = preSolution
		HideSolutionNode = FALSE
	EndGlobalSection
	GlobalSection(ExtensibilityGlobals) = postSolution
		SolutionGuid = {7405FD6B-EFE7-46FD-AAA1-EC6D1EC521A2}
	EndGlobalSection
EndGlobal
