
Microsoft Visual Studio Solution File, Format Version 12.00
# Visual Studio Version 16
VisualStudioVersion = 16.0.30907.101
MinimumVisualStudioVersion = 10.0.40219.1
Project("{9A19103F-16F7-4668-BE54-9A1E7A4F7556}") = "20210129_最前面アプリの右クリックメニュー取得", "20210129_メモ帳の右クリックメニュー取得\20210129_最前面アプリの右クリックメニュー取得.csproj", "{1B5114EE-FA12-4060-8AE4-98CA4E97C099}"
EndProject
Global
	GlobalSection(SolutionConfigurationPlatforms) = preSolution
		Debug|Any CPU = Debug|Any CPU
		Release|Any CPU = Release|Any CPU
	EndGlobalSection
	GlobalSection(ProjectConfigurationPlatforms) = postSolution
		{1B5114EE-FA12-4060-8AE4-98CA4E97C099}.Debug|Any CPU.ActiveCfg = Debug|Any CPU
		{1B5114EE-FA12-4060-8AE4-98CA4E97C099}.Debug|Any CPU.Build.0 = Debug|Any CPU
		{1B5114EE-FA12-4060-8AE4-98CA4E97C099}.Release|Any CPU.ActiveCfg = Release|Any CPU
		{1B5114EE-FA12-4060-8AE4-98CA4E97C099}.Release|Any CPU.Build.0 = Release|Any CPU
	EndGlobalSection
	GlobalSection(SolutionProperties) = preSolution
		HideSolutionNode = FALSE
	EndGlobalSection
	GlobalSection(ExtensibilityGlobals) = postSolution
		SolutionGuid = {35C6C2BB-435A-46FF-B6BF-1910743C3B93}
	EndGlobalSection
EndGlobal
