
Microsoft Visual Studio Solution File, Format Version 12.00
# Visual Studio Version 16
VisualStudioVersion = 16.0.30907.101
MinimumVisualStudioVersion = 10.0.40219.1
Project("{FAE04EC0-301F-11D3-BF4B-00C04F79EFBC}") = "20210208_メニューキャプチャ普通のアプリとエクセル", "20210208_メニューキャプチャ普通のアプリとエクセル\20210208_メニューキャプチャ普通のアプリとエクセル.csproj", "{8A4BDD59-E347-4DE9-A556-6C4FA10EACCF}"
EndProject
Global
	GlobalSection(SolutionConfigurationPlatforms) = preSolution
		Debug|Any CPU = Debug|Any CPU
		Release|Any CPU = Release|Any CPU
	EndGlobalSection
	GlobalSection(ProjectConfigurationPlatforms) = postSolution
		{8A4BDD59-E347-4DE9-A556-6C4FA10EACCF}.Debug|Any CPU.ActiveCfg = Debug|Any CPU
		{8A4BDD59-E347-4DE9-A556-6C4FA10EACCF}.Debug|Any CPU.Build.0 = Debug|Any CPU
		{8A4BDD59-E347-4DE9-A556-6C4FA10EACCF}.Release|Any CPU.ActiveCfg = Release|Any CPU
		{8A4BDD59-E347-4DE9-A556-6C4FA10EACCF}.Release|Any CPU.Build.0 = Release|Any CPU
	EndGlobalSection
	GlobalSection(SolutionProperties) = preSolution
		HideSolutionNode = FALSE
	EndGlobalSection
	GlobalSection(ExtensibilityGlobals) = postSolution
		SolutionGuid = {1D602A5D-177C-4115-8383-9AABD13776D9}
	EndGlobalSection
EndGlobal
