
Microsoft Visual Studio Solution File, Format Version 12.00
# Visual Studio Version 16
VisualStudioVersion = 16.0.31112.23
MinimumVisualStudioVersion = 10.0.40219.1
Project("{FAE04EC0-301F-11D3-BF4B-00C04F79EFBC}") = "20210323_画像連結テスト", "20210323_画像連結テスト\20210323_画像連結テスト.csproj", "{40DC8C9F-0675-4D4B-A8CB-19E0CFF0E8AA}"
EndProject
Global
	GlobalSection(SolutionConfigurationPlatforms) = preSolution
		Debug|Any CPU = Debug|Any CPU
		Release|Any CPU = Release|Any CPU
	EndGlobalSection
	GlobalSection(ProjectConfigurationPlatforms) = postSolution
		{40DC8C9F-0675-4D4B-A8CB-19E0CFF0E8AA}.Debug|Any CPU.ActiveCfg = Debug|Any CPU
		{40DC8C9F-0675-4D4B-A8CB-19E0CFF0E8AA}.Debug|Any CPU.Build.0 = Debug|Any CPU
		{40DC8C9F-0675-4D4B-A8CB-19E0CFF0E8AA}.Release|Any CPU.ActiveCfg = Release|Any CPU
		{40DC8C9F-0675-4D4B-A8CB-19E0CFF0E8AA}.Release|Any CPU.Build.0 = Release|Any CPU
	EndGlobalSection
	GlobalSection(SolutionProperties) = preSolution
		HideSolutionNode = FALSE
	EndGlobalSection
	GlobalSection(ExtensibilityGlobals) = postSolution
		SolutionGuid = {E82A45E6-F17E-4B31-8BF8-210C2AA1F501}
	EndGlobalSection
EndGlobal
