
Microsoft Visual Studio Solution File, Format Version 12.00
# Visual Studio Version 16
VisualStudioVersion = 16.0.32002.261
MinimumVisualStudioVersion = 10.0.40219.1
Project("{FAE04EC0-301F-11D3-BF4B-00C04F79EFBC}") = "20211220", "20211220\20211220.csproj", "{1554EAE8-5B20-4738-9BF5-A8C1A651FC5E}"
EndProject
Global
	GlobalSection(SolutionConfigurationPlatforms) = preSolution
		Debug|Any CPU = Debug|Any CPU
		Release|Any CPU = Release|Any CPU
	EndGlobalSection
	GlobalSection(ProjectConfigurationPlatforms) = postSolution
		{1554EAE8-5B20-4738-9BF5-A8C1A651FC5E}.Debug|Any CPU.ActiveCfg = Debug|Any CPU
		{1554EAE8-5B20-4738-9BF5-A8C1A651FC5E}.Debug|Any CPU.Build.0 = Debug|Any CPU
		{1554EAE8-5B20-4738-9BF5-A8C1A651FC5E}.Release|Any CPU.ActiveCfg = Release|Any CPU
		{1554EAE8-5B20-4738-9BF5-A8C1A651FC5E}.Release|Any CPU.Build.0 = Release|Any CPU
	EndGlobalSection
	GlobalSection(SolutionProperties) = preSolution
		HideSolutionNode = FALSE
	EndGlobalSection
	GlobalSection(ExtensibilityGlobals) = postSolution
		SolutionGuid = {E00BFDFC-356F-4F7D-AB6F-2219FB9DF8D1}
	EndGlobalSection
EndGlobal
