
Microsoft Visual Studio Solution File, Format Version 12.00
# Visual Studio Version 16
VisualStudioVersion = 16.0.30907.101
MinimumVisualStudioVersion = 10.0.40219.1
Project("{FAE04EC0-301F-11D3-BF4B-00C04F79EFBC}") = "20210121_Croppedbitmap", "20210121_Croppedbitmap\20210121_Croppedbitmap.csproj", "{C975C710-0078-41D4-B4E4-E513A5DD6F5A}"
EndProject
Global
	GlobalSection(SolutionConfigurationPlatforms) = preSolution
		Debug|Any CPU = Debug|Any CPU
		Release|Any CPU = Release|Any CPU
	EndGlobalSection
	GlobalSection(ProjectConfigurationPlatforms) = postSolution
		{C975C710-0078-41D4-B4E4-E513A5DD6F5A}.Debug|Any CPU.ActiveCfg = Debug|Any CPU
		{C975C710-0078-41D4-B4E4-E513A5DD6F5A}.Debug|Any CPU.Build.0 = Debug|Any CPU
		{C975C710-0078-41D4-B4E4-E513A5DD6F5A}.Release|Any CPU.ActiveCfg = Release|Any CPU
		{C975C710-0078-41D4-B4E4-E513A5DD6F5A}.Release|Any CPU.Build.0 = Release|Any CPU
	EndGlobalSection
	GlobalSection(SolutionProperties) = preSolution
		HideSolutionNode = FALSE
	EndGlobalSection
	GlobalSection(ExtensibilityGlobals) = postSolution
		SolutionGuid = {382448BC-CA00-423A-BF0F-4EAA7681923D}
	EndGlobalSection
EndGlobal
