
Microsoft Visual Studio Solution File, Format Version 12.00
# Visual Studio Version 16
VisualStudioVersion = 16.0.32002.261
MinimumVisualStudioVersion = 10.0.40219.1
Project("{FAE04EC0-301F-11D3-BF4B-00C04F79EFBC}") = "20211228_ItemsControl", "20211228_ItemsControl\20211228_ItemsControl.csproj", "{F90BEDCA-2BCC-436D-962B-323FDACCA0A0}"
EndProject
Global
	GlobalSection(SolutionConfigurationPlatforms) = preSolution
		Debug|Any CPU = Debug|Any CPU
		Release|Any CPU = Release|Any CPU
	EndGlobalSection
	GlobalSection(ProjectConfigurationPlatforms) = postSolution
		{F90BEDCA-2BCC-436D-962B-323FDACCA0A0}.Debug|Any CPU.ActiveCfg = Debug|Any CPU
		{F90BEDCA-2BCC-436D-962B-323FDACCA0A0}.Debug|Any CPU.Build.0 = Debug|Any CPU
		{F90BEDCA-2BCC-436D-962B-323FDACCA0A0}.Release|Any CPU.ActiveCfg = Release|Any CPU
		{F90BEDCA-2BCC-436D-962B-323FDACCA0A0}.Release|Any CPU.Build.0 = Release|Any CPU
	EndGlobalSection
	GlobalSection(SolutionProperties) = preSolution
		HideSolutionNode = FALSE
	EndGlobalSection
	GlobalSection(ExtensibilityGlobals) = postSolution
		SolutionGuid = {C340E14D-F806-4949-9FC3-BB1C6F43C07C}
	EndGlobalSection
EndGlobal
